
Microsoft Visual Studio Solution File, Format Version 12.00
# Visual Studio Version 17
VisualStudioVersion = 17.7.34031.279
MinimumVisualStudioVersion = 10.0.40219.1
Project("{2150E333-8FDC-42A3-9474-1A3956D46DE8}") = "src", "src", "{C79498E9-789E-435B-A273-60FB41C7883F}"
EndProject
Project("{2150E333-8FDC-42A3-9474-1A3956D46DE8}") = "test", "test", "{45D36CAF-872C-4219-A93E-0E410181B75E}"
EndProject
Project("{2150E333-8FDC-42A3-9474-1A3956D46DE8}") = "repository", "repository", "{18FD2599-A30C-44C4-9E01-E10219B63FDD}"
	ProjectSection(SolutionItems) = preProject
		LICENSE = LICENSE
		README.md = README.md
	EndProjectSection
EndProject
Project("{8BC9CEB8-8B4A-11D0-8D11-00A0C91BC942}") = "BitArray", "src\BitArray\BitArray.vcxitems", "{E4E435A1-FC08-493B-9B1C-F18017A462D9}"
EndProject
Project("{8BC9CEB8-8B4A-11D0-8D11-00A0C91BC942}") = "BitArrayTester", "test\BitArrayTester\BitArrayTester.vcxproj", "{6E900932-3817-48BB-A2E6-E216E6BA334A}"
EndProject
Project("{2150E333-8FDC-42A3-9474-1A3956D46DE8}") = "lib", "lib", "{AD791BAA-32AB-4B4F-ACEC-3AC605AEAE7C}"
	ProjectSection(SolutionItems) = preProject
		lib\keywords.txt = lib\keywords.txt
		lib\library.properties = lib\library.properties
	EndProjectSection
EndProject
Global
	GlobalSection(SolutionConfigurationPlatforms) = preSolution
		Debug|x64 = Debug|x64
		Debug|x86 = Debug|x86
		Release|x64 = Release|x64
		Release|x86 = Release|x86
	EndGlobalSection
	GlobalSection(ProjectConfigurationPlatforms) = postSolution
		{6E900932-3817-48BB-A2E6-E216E6BA334A}.Debug|x64.ActiveCfg = Debug|x64
		{6E900932-3817-48BB-A2E6-E216E6BA334A}.Debug|x64.Build.0 = Debug|x64
		{6E900932-3817-48BB-A2E6-E216E6BA334A}.Debug|x86.ActiveCfg = Debug|Win32
		{6E900932-3817-48BB-A2E6-E216E6BA334A}.Debug|x86.Build.0 = Debug|Win32
		{6E900932-3817-48BB-A2E6-E216E6BA334A}.Release|x64.ActiveCfg = Release|x64
		{6E900932-3817-48BB-A2E6-E216E6BA334A}.Release|x64.Build.0 = Release|x64
		{6E900932-3817-48BB-A2E6-E216E6BA334A}.Release|x86.ActiveCfg = Release|Win32
		{6E900932-3817-48BB-A2E6-E216E6BA334A}.Release|x86.Build.0 = Release|Win32
	EndGlobalSection
	GlobalSection(SolutionProperties) = preSolution
		HideSolutionNode = FALSE
	EndGlobalSection
	GlobalSection(NestedProjects) = preSolution
		{E4E435A1-FC08-493B-9B1C-F18017A462D9} = {C79498E9-789E-435B-A273-60FB41C7883F}
		{6E900932-3817-48BB-A2E6-E216E6BA334A} = {45D36CAF-872C-4219-A93E-0E410181B75E}
	EndGlobalSection
	GlobalSection(ExtensibilityGlobals) = postSolution
		SolutionGuid = {C30AB517-918A-44C9-903C-B4ABB24AC9C9}
	EndGlobalSection
	GlobalSection(SharedMSBuildProjectFiles) = preSolution
		src\BitArray\BitArray.vcxitems*{6e900932-3817-48bb-a2e6-e216e6ba334a}*SharedItemsImports = 4
		src\BitArray\BitArray.vcxitems*{e4e435a1-fc08-493b-9b1c-f18017a462d9}*SharedItemsImports = 9
	EndGlobalSection
EndGlobal
